
Microsoft Visual Studio Solution File, Format Version 12.00
# Visual Studio Version 17
VisualStudioVersion = 17.5.33516.290
MinimumVisualStudioVersion = 10.0.40219.1
Project("{FAE04EC0-301F-11D3-BF4B-00C04F79EFBC}") = "WebApp", "WebApp\WebApp.csproj", "{B852A1F0-1D91-48BA-955E-55FF1A932176}"
EndProject
Global
	GlobalSection(SolutionConfigurationPlatforms) = preSolution
		Debug|Any CPU = Debug|Any CPU
		Release|Any CPU = Release|Any CPU
	EndGlobalSection
	GlobalSection(ProjectConfigurationPlatforms) = postSolution
		{B852A1F0-1D91-48BA-955E-55FF1A932176}.Debug|Any CPU.ActiveCfg = Debug|Any CPU
		{B852A1F0-1D91-48BA-955E-55FF1A932176}.Debug|Any CPU.Build.0 = Debug|Any CPU
		{B852A1F0-1D91-48BA-955E-55FF1A932176}.Release|Any CPU.ActiveCfg = Release|Any CPU
		{B852A1F0-1D91-48BA-955E-55FF1A932176}.Release|Any CPU.Build.0 = Release|Any CPU
	EndGlobalSection
	GlobalSection(SolutionProperties) = preSolution
		HideSolutionNode = FALSE
	EndGlobalSection
	GlobalSection(ExtensibilityGlobals) = postSolution
		SolutionGuid = {9E37D630-5D49-494B-A3FC-9E2E24804C61}
	EndGlobalSection
EndGlobal
